# This file was autogenerated by Stack.
# You should not edit this file by hand.
# For more information, please see the documentation at:
#   https://docs.haskellstack.org/en/stable/lock_files

packages:
- completed:
    hackage: beam-postgres-0.5.3.1@sha256:79d87b1a502ee55beba56527f56fb8e718b1cf6cf3aab13792b926f8ef36573b,4392
    pantry-tree:
      sha256: 0caba39342d27244ede6a5dee36085be961ad1a7234244616d7daa68dc3b287a
      size: 1693
  original:
    hackage: beam-postgres-0.5.3.1@sha256:79d87b1a502ee55beba56527f56fb8e718b1cf6cf3aab13792b926f8ef36573b,4392
- completed:
    hackage: beam-migrate-0.5.2.1@sha256:1ad12bcf5c6e092b9dd5f2a8c23f62dde07bb9e04198b0f59dc5fac855d18bf8,4924
    pantry-tree:
      sha256: cc5024fae77beeca8c7e24bc00f1e04474cfc23461b41d2cd10ddcce52f764ba
      size: 1721
  original:
    hackage: beam-migrate-0.5.2.1@sha256:1ad12bcf5c6e092b9dd5f2a8c23f62dde07bb9e04198b0f59dc5fac855d18bf8,4924
snapshots:
- completed:
    sha256: 9b43e51f2c54211993d5954da8b49604704d8288103b8d9150a19a703f4e55e7
    size: 719126
    url: https://raw.githubusercontent.com/commercialhaskell/stackage-snapshots/master/lts/22/25.yaml
  original:
    url: https://raw.githubusercontent.com/commercialhaskell/stackage-snapshots/master/lts/22/25.yaml
